
Microsoft Visual Studio Solution File, Format Version 12.00
# Visual Studio Version 17
VisualStudioVersion = 17.13.35825.156
MinimumVisualStudioVersion = 10.0.40219.1
Project("{FAE04EC0-301F-11D3-BF4B-00C04F79EFBC}") = "StudyBuddy.Web", "StudyBuddy.Web\StudyBuddy.Web.csproj", "{7E0FA402-B4B8-41B8-808B-1DA84D80742D}"
EndProject
Project("{FAE04EC0-301F-11D3-BF4B-00C04F79EFBC}") = "StudyBuddy.Test", "..\StudyBuddy-app\StudyBuddy.Test\StudyBuddy.Test.csproj", "{2C088268-0908-49BE-F4F9-111C07EB635E}"
EndProject
Global
	GlobalSection(SolutionConfigurationPlatforms) = preSolution
		Debug|Any CPU = Debug|Any CPU
		Release|Any CPU = Release|Any CPU
	EndGlobalSection
	GlobalSection(ProjectConfigurationPlatforms) = postSolution
		{7E0FA402-B4B8-41B8-808B-1DA84D80742D}.Debug|Any CPU.ActiveCfg = Debug|Any CPU
		{7E0FA402-B4B8-41B8-808B-1DA84D80742D}.Debug|Any CPU.Build.0 = Debug|Any CPU
		{7E0FA402-B4B8-41B8-808B-1DA84D80742D}.Release|Any CPU.ActiveCfg = Release|Any CPU
		{7E0FA402-B4B8-41B8-808B-1DA84D80742D}.Release|Any CPU.Build.0 = Release|Any CPU
		{2C088268-0908-49BE-F4F9-111C07EB635E}.Debug|Any CPU.ActiveCfg = Debug|Any CPU
		{2C088268-0908-49BE-F4F9-111C07EB635E}.Debug|Any CPU.Build.0 = Debug|Any CPU
		{2C088268-0908-49BE-F4F9-111C07EB635E}.Release|Any CPU.ActiveCfg = Release|Any CPU
		{2C088268-0908-49BE-F4F9-111C07EB635E}.Release|Any CPU.Build.0 = Release|Any CPU
	EndGlobalSection
	GlobalSection(SolutionProperties) = preSolution
		HideSolutionNode = FALSE
	EndGlobalSection
	GlobalSection(ExtensibilityGlobals) = postSolution
		SolutionGuid = {7473A952-890F-4D2F-805E-FFE76BD3306F}
	EndGlobalSection
EndGlobal
